// !$*UTF8*$!
{
	archiveVersion = 1;
	classes = {
	};
	objectVersion = 56;
	objects = {

/* Begin PBXBuildFile section */
		8C169725296DF0F900B475E2 /* SwiftUIStarfieldApp.swift in Sources */ = {isa = PBXBuildFile; fileRef = 8C169724296DF0F900B475E2 /* SwiftUIStarfieldApp.swift */; };
		8C169727296DF0F900B475E2 /* ContentView.swift in Sources */ = {isa = PBXBuildFile; fileRef = 8C169726296DF0F900B475E2 /* ContentView.swift */; };
		8C169729296DF0FA00B475E2 /* Assets.xcassets in Resources */ = {isa = PBXBuildFile; fileRef = 8C169728296DF0FA00B475E2 /* Assets.xcassets */; };
		8C16972C296DF0FA00B475E2 /* Preview Assets.xcassets in Resources */ = {isa = PBXBuildFile; fileRef = 8C16972B296DF0FA00B475E2 /* Preview Assets.xcassets */; };
		8C169734296DF12C00B475E2 /* EmitterView.swift in Sources */ = {isa = PBXBuildFile; fileRef = 8C169733296DF12C00B475E2 /* EmitterView.swift */; };
		8C169753296F51FD00B475E2 /* Star.swift in Sources */ = {isa = PBXBuildFile; fileRef = 8C169752296F51FD00B475E2 /* Star.swift */; };
		8C8D561C296F569500E5119A /* InternalParticlesView.swift in Sources */ = {isa = PBXBuildFile; fileRef = 8C8D561B296F569500E5119A /* InternalParticlesView.swift */; };
/* End PBXBuildFile section */

/* Begin PBXFileReference section */
		8C169721296DF0F900B475E2 /* SwiftUIStarfield.app */ = {isa = PBXFileReference; explicitFileType = wrapper.application; includeInIndex = 0; path = SwiftUIStarfield.app; sourceTree = BUILT_PRODUCTS_DIR; };
		8C169724296DF0F900B475E2 /* SwiftUIStarfieldApp.swift */ = {isa = PBXFileReference; lastKnownFileType = sourcecode.swift; path = SwiftUIStarfieldApp.swift; sourceTree = "<group>"; };
		8C169726296DF0F900B475E2 /* ContentView.swift */ = {isa = PBXFileReference; lastKnownFileType = sourcecode.swift; path = ContentView.swift; sourceTree = "<group>"; };
		8C169728296DF0FA00B475E2 /* Assets.xcassets */ = {isa = PBXFileReference; lastKnownFileType = folder.assetcatalog; path = Assets.xcassets; sourceTree = "<group>"; };
		8C16972B296DF0FA00B475E2 /* Preview Assets.xcassets */ = {isa = PBXFileReference; lastKnownFileType = folder.assetcatalog; path = "Preview Assets.xcassets"; sourceTree = "<group>"; };
		8C16972D296DF0FA00B475E2 /* SwiftUIStarfield.entitlements */ = {isa = PBXFileReference; lastKnownFileType = text.plist.entitlements; path = SwiftUIStarfield.entitlements; sourceTree = "<group>"; };
		8C169733296DF12C00B475E2 /* EmitterView.swift */ = {isa = PBXFileReference; lastKnownFileType = sourcecode.swift; path = EmitterView.swift; sourceTree = "<group>"; };
		8C169752296F51FD00B475E2 /* Star.swift */ = {isa = PBXFileReference; lastKnownFileType = sourcecode.swift; path = Star.swift; sourceTree = "<group>"; };
		8C8D561B296F569500E5119A /* InternalParticlesView.swift */ = {isa = PBXFileReference; lastKnownFileType = sourcecode.swift; path = InternalParticlesView.swift; sourceTree = "<group>"; };
/* End PBXFileReference section */

/* Begin PBXFrameworksBuildPhase section */
		8C16971E296DF0F900B475E2 /* Frameworks */ = {
			isa = PBXFrameworksBuildPhase;
			buildActionMask = 2147483647;
			files = (
			);
			runOnlyForDeploymentPostprocessing = 0;
		};
/* End PBXFrameworksBuildPhase section */

/* Begin PBXGroup section */
		8C169718296DF0F900B475E2 = {
			isa = PBXGroup;
			children = (
				8C169723296DF0F900B475E2 /* SwiftUIStarfield */,
				8C169722296DF0F900B475E2 /* Products */,
			);
			sourceTree = "<group>";
		};
		8C169722296DF0F900B475E2 /* Products */ = {
			isa = PBXGroup;
			children = (
				8C169721296DF0F900B475E2 /* SwiftUIStarfield.app */,
			);
			name = Products;
			sourceTree = "<group>";
		};
		8C169723296DF0F900B475E2 /* SwiftUIStarfield */ = {
			isa = PBXGroup;
			children = (
				8C169724296DF0F900B475E2 /* SwiftUIStarfieldApp.swift */,
				8C169726296DF0F900B475E2 /* ContentView.swift */,
				8C169733296DF12C00B475E2 /* EmitterView.swift */,
				8C8D561B296F569500E5119A /* InternalParticlesView.swift */,
				8C169728296DF0FA00B475E2 /* Assets.xcassets */,
				8C16972D296DF0FA00B475E2 /* SwiftUIStarfield.entitlements */,
				8C16972A296DF0FA00B475E2 /* Preview Content */,
				8C169752296F51FD00B475E2 /* Star.swift */,
			);
			path = SwiftUIStarfield;
			sourceTree = "<group>";
		};
		8C16972A296DF0FA00B475E2 /* Preview Content */ = {
			isa = PBXGroup;
			children = (
				8C16972B296DF0FA00B475E2 /* Preview Assets.xcassets */,
			);
			path = "Preview Content";
			sourceTree = "<group>";
		};
/* End PBXGroup section */

/* Begin PBXNativeTarget section */
		8C169720296DF0F900B475E2 /* SwiftUIStarfield */ = {
			isa = PBXNativeTarget;
			buildConfigurationList = 8C169730296DF0FA00B475E2 /* Build configuration list for PBXNativeTarget "SwiftUIStarfield" */;
			buildPhases = (
				8C16971D296DF0F900B475E2 /* Sources */,
				8C16971E296DF0F900B475E2 /* Frameworks */,
				8C16971F296DF0F900B475E2 /* Resources */,
			);
			buildRules = (
			);
			dependencies = (
			);
			name = SwiftUIStarfield;
			productName = SwiftUIStarfield;
			productReference = 8C169721296DF0F900B475E2 /* SwiftUIStarfield.app */;
			productType = "com.apple.product-type.application";
		};
/* End PBXNativeTarget section */

/* Begin PBXProject section */
		8C169719296DF0F900B475E2 /* Project object */ = {
			isa = PBXProject;
			attributes = {
				BuildIndependentTargetsInParallel = 1;
				LastSwiftUpdateCheck = 1410;
				LastUpgradeCheck = 1410;
				TargetAttributes = {
					8C169720296DF0F900B475E2 = {
						CreatedOnToolsVersion = 14.1;
					};
				};
			};
			buildConfigurationList = 8C16971C296DF0F900B475E2 /* Build configuration list for PBXProject "SwiftUIStarfield" */;
			compatibilityVersion = "Xcode 14.0";
			developmentRegion = en;
			hasScannedForEncodings = 0;
			knownRegions = (
				en,
				Base,
			);
			mainGroup = 8C169718296DF0F900B475E2;
			productRefGroup = 8C169722296DF0F900B475E2 /* Products */;
			projectDirPath = "";
			projectRoot = "";
			targets = (
				8C169720296DF0F900B475E2 /* SwiftUIStarfield */,
			);
		};
/* End PBXProject section */

/* Begin PBXResourcesBuildPhase section */
		8C16971F296DF0F900B475E2 /* Resources */ = {
			isa = PBXResourcesBuildPhase;
			buildActionMask = 2147483647;
			files = (
				8C16972C296DF0FA00B475E2 /* Preview Assets.xcassets in Resources */,
				8C169729296DF0FA00B475E2 /* Assets.xcassets in Resources */,
			);
			runOnlyForDeploymentPostprocessing = 0;
		};
/* End PBXResourcesBuildPhase section */

/* Begin PBXSourcesBuildPhase section */
		8C16971D296DF0F900B475E2 /* Sources */ = {
			isa = PBXSourcesBuildPhase;
			buildActionMask = 2147483647;
			files = (
				8C169727296DF0F900B475E2 /* ContentView.swift in Sources */,
				8C8D561C296F569500E5119A /* InternalParticlesView.swift in Sources */,
				8C169734296DF12C00B475E2 /* EmitterView.swift in Sources */,
				8C169725296DF0F900B475E2 /* SwiftUIStarfieldApp.swift in Sources */,
				8C169753296F51FD00B475E2 /* Star.swift in Sources */,
			);
			runOnlyForDeploymentPostprocessing = 0;
		};
/* End PBXSourcesBuildPhase section */

/* Begin XCBuildConfiguration section */
		8C16972E296DF0FA00B475E2 /* Debug */ = {
			isa = XCBuildConfiguration;
			buildSettings = {
				ALWAYS_SEARCH_USER_PATHS = NO;
				CLANG_ANALYZER_NONNULL = YES;
				CLANG_ANALYZER_NUMBER_OBJECT_CONVERSION = YES_AGGRESSIVE;
				CLANG_CXX_LANGUAGE_STANDARD = "gnu++20";
				CLANG_ENABLE_MODULES = YES;
				CLANG_ENABLE_OBJC_ARC = YES;
				CLANG_ENABLE_OBJC_WEAK = YES;
				CLANG_WARN_BLOCK_CAPTURE_AUTORELEASING = YES;
				CLANG_WARN_BOOL_CONVERSION = YES;
				CLANG_WARN_COMMA = YES;
				CLANG_WARN_CONSTANT_CONVERSION = YES;
				CLANG_WARN_DEPRECATED_OBJC_IMPLEMENTATIONS = YES;
				CLANG_WARN_DIRECT_OBJC_ISA_USAGE = YES_ERROR;
				CLANG_WARN_DOCUMENTATION_COMMENTS = YES;
				CLANG_WARN_EMPTY_BODY = YES;
				CLANG_WARN_ENUM_CONVERSION = YES;
				CLANG_WARN_INFINITE_RECURSION = YES;
				CLANG_WARN_INT_CONVERSION = YES;
				CLANG_WARN_NON_LITERAL_NULL_CONVERSION = YES;
				CLANG_WARN_OBJC_IMPLICIT_RETAIN_SELF = YES;
				CLANG_WARN_OBJC_LITERAL_CONVERSION = YES;
				CLANG_WARN_OBJC_ROOT_CLASS = YES_ERROR;
				CLANG_WARN_QUOTED_INCLUDE_IN_FRAMEWORK_HEADER = YES;
				CLANG_WARN_RANGE_LOOP_ANALYSIS = YES;
				CLANG_WARN_STRICT_PROTOTYPES = YES;
				CLANG_WARN_SUSPICIOUS_MOVE = YES;
				CLANG_WARN_UNGUARDED_AVAILABILITY = YES_AGGRESSIVE;
				CLANG_WARN_UNREACHABLE_CODE = YES;
				CLANG_WARN__DUPLICATE_METHOD_MATCH = YES;
				COPY_PHASE_STRIP = NO;
				DEBUG_INFORMATION_FORMAT = dwarf;
				ENABLE_STRICT_OBJC_MSGSEND = YES;
				ENABLE_TESTABILITY = YES;
				GCC_C_LANGUAGE_STANDARD = gnu11;
				GCC_DYNAMIC_NO_PIC = NO;
				GCC_NO_COMMON_BLOCKS = YES;
				GCC_OPTIMIZATION_LEVEL = 0;
				GCC_PREPROCESSOR_DEFINITIONS = (
					"DEBUG=1",
					"$(inherited)",
				);
				GCC_WARN_64_TO_32_BIT_CONVERSION = YES;
				GCC_WARN_ABOUT_RETURN_TYPE = YES_ERROR;
				GCC_WARN_UNDECLARED_SELECTOR = YES;
				GCC_WARN_UNINITIALIZED_AUTOS = YES_AGGRESSIVE;
				GCC_WARN_UNUSED_FUNCTION = YES;
				GCC_WARN_UNUSED_VARIABLE = YES;
				MACOSX_DEPLOYMENT_TARGET = 13.0;
				MTL_ENABLE_DEBUG_INFO = INCLUDE_SOURCE;
				MTL_FAST_MATH = YES;
				ONLY_ACTIVE_ARCH = YES;
				SDKROOT = macosx;
				SWIFT_ACTIVE_COMPILATION_CONDITIONS = DEBUG;
				SWIFT_OPTIMIZATION_LEVEL = "-Onone";
			};
			name = Debug;
		};
		8C16972F296DF0FA00B475E2 /* Release */ = {
			isa = XCBuildConfiguration;
			buildSettings = {
				ALWAYS_SEARCH_USER_PATHS = NO;
				CLANG_ANALYZER_NONNULL = YES;
				CLANG_ANALYZER_NUMBER_OBJECT_CONVERSION = YES_AGGRESSIVE;
				CLANG_CXX_LANGUAGE_STANDARD = "gnu++20";
				CLANG_ENABLE_MODULES = YES;
				CLANG_ENABLE_OBJC_ARC = YES;
				CLANG_ENABLE_OBJC_WEAK = YES;
				CLANG_WARN_BLOCK_CAPTURE_AUTORELEASING = YES;
				CLANG_WARN_BOOL_CONVERSION = YES;
				CLANG_WARN_COMMA = YES;
				CLANG_WARN_CONSTANT_CONVERSION = YES;
				CLANG_WARN_DEPRECATED_OBJC_IMPLEMENTATIONS = YES;
				CLANG_WARN_DIRECT_OBJC_ISA_USAGE = YES_ERROR;
				CLANG_WARN_DOCUMENTATION_COMMENTS = YES;
				CLANG_WARN_EMPTY_BODY = YES;
				CLANG_WARN_ENUM_CONVERSION = YES;
				CLANG_WARN_INFINITE_RECURSION = YES;
				CLANG_WARN_INT_CONVERSION = YES;
				CLANG_WARN_NON_LITERAL_NULL_CONVERSION = YES;
				CLANG_WARN_OBJC_IMPLICIT_RETAIN_SELF = YES;
				CLANG_WARN_OBJC_LITERAL_CONVERSION = YES;
				CLANG_WARN_OBJC_ROOT_CLASS = YES_ERROR;
				CLANG_WARN_QUOTED_INCLUDE_IN_FRAMEWORK_HEADER = YES;
				CLANG_WARN_RANGE_LOOP_ANALYSIS = YES;
				CLANG_WARN_STRICT_PROTOTYPES = YES;
				CLANG_WARN_SUSPICIOUS_MOVE = YES;
				CLANG_WARN_UNGUARDED_AVAILABILITY = YES_AGGRESSIVE;
				CLANG_WARN_UNREACHABLE_CODE = YES;
				CLANG_WARN__DUPLICATE_METHOD_MATCH = YES;
				COPY_PHASE_STRIP = NO;
				DEBUG_INFORMATION_FORMAT = "dwarf-with-dsym";
				ENABLE_NS_ASSERTIONS = NO;
				ENABLE_STRICT_OBJC_MSGSEND = YES;
				GCC_C_LANGUAGE_STANDARD = gnu11;
				GCC_NO_COMMON_BLOCKS = YES;
				GCC_WARN_64_TO_32_BIT_CONVERSION = YES;
				GCC_WARN_ABOUT_RETURN_TYPE = YES_ERROR;
				GCC_WARN_UNDECLARED_SELECTOR = YES;
				GCC_WARN_UNINITIALIZED_AUTOS = YES_AGGRESSIVE;
				GCC_WARN_UNUSED_FUNCTION = YES;
				GCC_WARN_UNUSED_VARIABLE = YES;
				MACOSX_DEPLOYMENT_TARGET = 13.0;
				MTL_ENABLE_DEBUG_INFO = NO;
				MTL_FAST_MATH = YES;
				SDKROOT = macosx;
				SWIFT_COMPILATION_MODE = wholemodule;
				SWIFT_OPTIMIZATION_LEVEL = "-O";
			};
			name = Release;
		};
		8C169731296DF0FA00B475E2 /* Debug */ = {
			isa = XCBuildConfiguration;
			buildSettings = {
				ASSETCATALOG_COMPILER_APPICON_NAME = AppIcon;
				ASSETCATALOG_COMPILER_GLOBAL_ACCENT_COLOR_NAME = AccentColor;
				CODE_SIGN_ENTITLEMENTS = SwiftUIStarfield/SwiftUIStarfield.entitlements;
				CODE_SIGN_STYLE = Automatic;
				COMBINE_HIDPI_IMAGES = YES;
				CURRENT_PROJECT_VERSION = 1;
				DEVELOPMENT_ASSET_PATHS = "\"SwiftUIStarfield/Preview Content\"";
				DEVELOPMENT_TEAM = 548LC7KET7;
				ENABLE_HARDENED_RUNTIME = YES;
				ENABLE_PREVIEWS = YES;
				GENERATE_INFOPLIST_FILE = YES;
				INFOPLIST_KEY_NSHumanReadableCopyright = "";
				LD_RUNPATH_SEARCH_PATHS = (
					"$(inherited)",
					"@executable_path/../Frameworks",
				);
				MARKETING_VERSION = 1.0;
				PRODUCT_BUNDLE_IDENTIFIER = dk.peterbodskov.SwiftUIStarfield;
				PRODUCT_NAME = "$(TARGET_NAME)";
				SWIFT_EMIT_LOC_STRINGS = YES;
				SWIFT_VERSION = 5.0;
			};
			name = Debug;
		};
		8C169732296DF0FA00B475E2 /* Release */ = {
			isa = XCBuildConfiguration;
			buildSettings = {
				ASSETCATALOG_COMPILER_APPICON_NAME = AppIcon;
				ASSETCATALOG_COMPILER_GLOBAL_ACCENT_COLOR_NAME = AccentColor;
				CODE_SIGN_ENTITLEMENTS = SwiftUIStarfield/SwiftUIStarfield.entitlements;
				CODE_SIGN_STYLE = Automatic;
				COMBINE_HIDPI_IMAGES = YES;
				CURRENT_PROJECT_VERSION = 1;
				DEVELOPMENT_ASSET_PATHS = "\"SwiftUIStarfield/Preview Content\"";
				DEVELOPMENT_TEAM = 548LC7KET7;
				ENABLE_HARDENED_RUNTIME = YES;
				ENABLE_PREVIEWS = YES;
				GENERATE_INFOPLIST_FILE = YES;
				INFOPLIST_KEY_NSHumanReadableCopyright = "";
				LD_RUNPATH_SEARCH_PATHS = (
					"$(inherited)",
					"@executable_path/../Frameworks",
				);
				MARKETING_VERSION = 1.0;
				PRODUCT_BUNDLE_IDENTIFIER = dk.peterbodskov.SwiftUIStarfield;
				PRODUCT_NAME = "$(TARGET_NAME)";
				SWIFT_EMIT_LOC_STRINGS = YES;
				SWIFT_VERSION = 5.0;
			};
			name = Release;
		};
/* End XCBuildConfiguration section */

/* Begin XCConfigurationList section */
		8C16971C296DF0F900B475E2 /* Build configuration list for PBXProject "SwiftUIStarfield" */ = {
			isa = XCConfigurationList;
			buildConfigurations = (
				8C16972E296DF0FA00B475E2 /* Debug */,
				8C16972F296DF0FA00B475E2 /* Release */,
			);
			defaultConfigurationIsVisible = 0;
			defaultConfigurationName = Release;
		};
		8C169730296DF0FA00B475E2 /* Build configuration list for PBXNativeTarget "SwiftUIStarfield" */ = {
			isa = XCConfigurationList;
			buildConfigurations = (
				8C169731296DF0FA00B475E2 /* Debug */,
				8C169732296DF0FA00B475E2 /* Release */,
			);
			defaultConfigurationIsVisible = 0;
			defaultConfigurationName = Release;
		};
/* End XCConfigurationList section */
	};
	rootObject = 8C169719296DF0F900B475E2 /* Project object */;
}
